
Microsoft Visual Studio Solution File, Format Version 12.00
Project("{FAE04EC0-301F-11D3-BF4B-00C04F79EFBC}") = "WebApi", "WebApi\WebApi.csproj", "{BAF3EBB3-BBD1-4786-B180-0F857BE68473}"
EndProject
Project("{FAE04EC0-301F-11D3-BF4B-00C04F79EFBC}") = "Service", "Service\Service.csproj", "{AD1EE9D1-94E3-47CA-86A5-AC4EA602179A}"
EndProject
Project("{FAE04EC0-301F-11D3-BF4B-00C04F79EFBC}") = "Domain", "Domain\Domain.csproj", "{253B4665-22F6-4C3B-A2E5-F9B3F831395D}"
EndProject
Project("{FAE04EC0-301F-11D3-BF4B-00C04F79EFBC}") = "Repository", "Repository\Repository.csproj", "{AD83FC73-0BA4-4C15-B58F-8D4352DCA2A8}"
EndProject
Global
	GlobalSection(SolutionConfigurationPlatforms) = preSolution
		Debug|Any CPU = Debug|Any CPU
		Release|Any CPU = Release|Any CPU
	EndGlobalSection
	GlobalSection(ProjectConfigurationPlatforms) = postSolution
		{BAF3EBB3-BBD1-4786-B180-0F857BE68473}.Debug|Any CPU.ActiveCfg = Debug|Any CPU
		{BAF3EBB3-BBD1-4786-B180-0F857BE68473}.Debug|Any CPU.Build.0 = Debug|Any CPU
		{BAF3EBB3-BBD1-4786-B180-0F857BE68473}.Release|Any CPU.ActiveCfg = Release|Any CPU
		{BAF3EBB3-BBD1-4786-B180-0F857BE68473}.Release|Any CPU.Build.0 = Release|Any CPU
		{AD1EE9D1-94E3-47CA-86A5-AC4EA602179A}.Debug|Any CPU.ActiveCfg = Debug|Any CPU
		{AD1EE9D1-94E3-47CA-86A5-AC4EA602179A}.Debug|Any CPU.Build.0 = Debug|Any CPU
		{AD1EE9D1-94E3-47CA-86A5-AC4EA602179A}.Release|Any CPU.ActiveCfg = Release|Any CPU
		{AD1EE9D1-94E3-47CA-86A5-AC4EA602179A}.Release|Any CPU.Build.0 = Release|Any CPU
		{253B4665-22F6-4C3B-A2E5-F9B3F831395D}.Debug|Any CPU.ActiveCfg = Debug|Any CPU
		{253B4665-22F6-4C3B-A2E5-F9B3F831395D}.Debug|Any CPU.Build.0 = Debug|Any CPU
		{253B4665-22F6-4C3B-A2E5-F9B3F831395D}.Release|Any CPU.ActiveCfg = Release|Any CPU
		{253B4665-22F6-4C3B-A2E5-F9B3F831395D}.Release|Any CPU.Build.0 = Release|Any CPU
		{AD83FC73-0BA4-4C15-B58F-8D4352DCA2A8}.Debug|Any CPU.ActiveCfg = Debug|Any CPU
		{AD83FC73-0BA4-4C15-B58F-8D4352DCA2A8}.Debug|Any CPU.Build.0 = Debug|Any CPU
		{AD83FC73-0BA4-4C15-B58F-8D4352DCA2A8}.Release|Any CPU.ActiveCfg = Release|Any CPU
		{AD83FC73-0BA4-4C15-B58F-8D4352DCA2A8}.Release|Any CPU.Build.0 = Release|Any CPU
	EndGlobalSection
EndGlobal
